
Microsoft Visual Studio Solution File, Format Version 12.00
# Visual Studio Version 16
VisualStudioVersion = 16.0.29215.179
MinimumVisualStudioVersion = 10.0.40219.1
Project("{8BC9CEB8-8B4A-11D0-8D11-00A0C91BC942}") = "Task01Project", "Task01Project\Task01Project.vcxproj", "{10738989-6EAF-4486-B22D-6D37B68B5D4B}"
EndProject
Project("{8BC9CEB8-8B4A-11D0-8D11-00A0C91BC942}") = "Task02Project", "Task02Project\Task02Project.vcxproj", "{48235D7F-B6A0-4344-9731-99ECF371C795}"
EndProject
Global
	GlobalSection(SolutionConfigurationPlatforms) = preSolution
		Debug|x64 = Debug|x64
		Debug|x86 = Debug|x86
		Release|x64 = Release|x64
		Release|x86 = Release|x86
	EndGlobalSection
	GlobalSection(ProjectConfigurationPlatforms) = postSolution
		{10738989-6EAF-4486-B22D-6D37B68B5D4B}.Debug|x64.ActiveCfg = Debug|x64
		{10738989-6EAF-4486-B22D-6D37B68B5D4B}.Debug|x64.Build.0 = Debug|x64
		{10738989-6EAF-4486-B22D-6D37B68B5D4B}.Debug|x86.ActiveCfg = Debug|Win32
		{10738989-6EAF-4486-B22D-6D37B68B5D4B}.Debug|x86.Build.0 = Debug|Win32
		{10738989-6EAF-4486-B22D-6D37B68B5D4B}.Release|x64.ActiveCfg = Release|x64
		{10738989-6EAF-4486-B22D-6D37B68B5D4B}.Release|x64.Build.0 = Release|x64
		{10738989-6EAF-4486-B22D-6D37B68B5D4B}.Release|x86.ActiveCfg = Release|Win32
		{10738989-6EAF-4486-B22D-6D37B68B5D4B}.Release|x86.Build.0 = Release|Win32
		{48235D7F-B6A0-4344-9731-99ECF371C795}.Debug|x64.ActiveCfg = Debug|x64
		{48235D7F-B6A0-4344-9731-99ECF371C795}.Debug|x64.Build.0 = Debug|x64
		{48235D7F-B6A0-4344-9731-99ECF371C795}.Debug|x86.ActiveCfg = Debug|Win32
		{48235D7F-B6A0-4344-9731-99ECF371C795}.Debug|x86.Build.0 = Debug|Win32
		{48235D7F-B6A0-4344-9731-99ECF371C795}.Release|x64.ActiveCfg = Release|x64
		{48235D7F-B6A0-4344-9731-99ECF371C795}.Release|x64.Build.0 = Release|x64
		{48235D7F-B6A0-4344-9731-99ECF371C795}.Release|x86.ActiveCfg = Release|Win32
		{48235D7F-B6A0-4344-9731-99ECF371C795}.Release|x86.Build.0 = Release|Win32
	EndGlobalSection
	GlobalSection(SolutionProperties) = preSolution
		HideSolutionNode = FALSE
	EndGlobalSection
	GlobalSection(ExtensibilityGlobals) = postSolution
		SolutionGuid = {6D0D234D-215F-4616-BC13-3849C31B0E1D}
	EndGlobalSection
EndGlobal
